
Microsoft Visual Studio Solution File, Format Version 12.00
# Visual Studio 15
VisualStudioVersion = 15.0.27703.2018
MinimumVisualStudioVersion = 10.0.40219.1
Project("{9A19103F-16F7-4668-BE54-9A1E7A4F7556}") = "BilletLibrary", "BilletLibrary\BilletLibrary.csproj", "{847504D7-6018-4145-8594-0B0B9000DDF0}"
EndProject
Project("{FAE04EC0-301F-11D3-BF4B-00C04F79EFBC}") = "UnitTestProject1", "UnitTestProject1\UnitTestProject1.csproj", "{5BC0CE8F-A6F4-41A8-A718-911127FB43A3}"
EndProject
Global
	GlobalSection(SolutionConfigurationPlatforms) = preSolution
		Debug|Any CPU = Debug|Any CPU
		Release|Any CPU = Release|Any CPU
	EndGlobalSection
	GlobalSection(ProjectConfigurationPlatforms) = postSolution
		{847504D7-6018-4145-8594-0B0B9000DDF0}.Debug|Any CPU.ActiveCfg = Debug|Any CPU
		{847504D7-6018-4145-8594-0B0B9000DDF0}.Debug|Any CPU.Build.0 = Debug|Any CPU
		{847504D7-6018-4145-8594-0B0B9000DDF0}.Release|Any CPU.ActiveCfg = Release|Any CPU
		{847504D7-6018-4145-8594-0B0B9000DDF0}.Release|Any CPU.Build.0 = Release|Any CPU
		{5BC0CE8F-A6F4-41A8-A718-911127FB43A3}.Debug|Any CPU.ActiveCfg = Debug|Any CPU
		{5BC0CE8F-A6F4-41A8-A718-911127FB43A3}.Debug|Any CPU.Build.0 = Debug|Any CPU
		{5BC0CE8F-A6F4-41A8-A718-911127FB43A3}.Release|Any CPU.ActiveCfg = Release|Any CPU
		{5BC0CE8F-A6F4-41A8-A718-911127FB43A3}.Release|Any CPU.Build.0 = Release|Any CPU
	EndGlobalSection
	GlobalSection(SolutionProperties) = preSolution
		HideSolutionNode = FALSE
	EndGlobalSection
	GlobalSection(ExtensibilityGlobals) = postSolution
		SolutionGuid = {99728030-8191-4183-8632-A8BF16F582F8}
	EndGlobalSection
EndGlobal
